
Microsoft Visual Studio Solution File, Format Version 12.00
# Visual Studio Version 17
VisualStudioVersion = 17.6.33801.468
MinimumVisualStudioVersion = 10.0.40219.1
Project("{FAE04EC0-301F-11D3-BF4B-00C04F79EFBC}") = "TestConvertChiffreRomain", "TestConvertChiffreRomain\TestConvertChiffreRomain.csproj", "{E2B6D18E-F6AD-4BF0-AE54-3C70F144C665}"
EndProject
Project("{FAE04EC0-301F-11D3-BF4B-00C04F79EFBC}") = "TestUnitaireRomains", "TestUnitaireRomains\TestUnitaireRomains.csproj", "{D864335C-60C2-452C-AB86-C5CDB40093D0}"
EndProject
Project("{FAE04EC0-301F-11D3-BF4B-00C04F79EFBC}") = "ConsoleChiffreRomains", "ConsoleChiffreRomains\ConsoleChiffreRomains.csproj", "{339E84F4-3253-40BA-B86D-37C4ADF5FD36}"
EndProject
Global
	GlobalSection(SolutionConfigurationPlatforms) = preSolution
		Debug|Any CPU = Debug|Any CPU
		Release|Any CPU = Release|Any CPU
	EndGlobalSection
	GlobalSection(ProjectConfigurationPlatforms) = postSolution
		{E2B6D18E-F6AD-4BF0-AE54-3C70F144C665}.Debug|Any CPU.ActiveCfg = Debug|Any CPU
		{E2B6D18E-F6AD-4BF0-AE54-3C70F144C665}.Debug|Any CPU.Build.0 = Debug|Any CPU
		{E2B6D18E-F6AD-4BF0-AE54-3C70F144C665}.Release|Any CPU.ActiveCfg = Release|Any CPU
		{E2B6D18E-F6AD-4BF0-AE54-3C70F144C665}.Release|Any CPU.Build.0 = Release|Any CPU
		{D864335C-60C2-452C-AB86-C5CDB40093D0}.Debug|Any CPU.ActiveCfg = Debug|Any CPU
		{D864335C-60C2-452C-AB86-C5CDB40093D0}.Debug|Any CPU.Build.0 = Debug|Any CPU
		{D864335C-60C2-452C-AB86-C5CDB40093D0}.Release|Any CPU.ActiveCfg = Release|Any CPU
		{D864335C-60C2-452C-AB86-C5CDB40093D0}.Release|Any CPU.Build.0 = Release|Any CPU
		{339E84F4-3253-40BA-B86D-37C4ADF5FD36}.Debug|Any CPU.ActiveCfg = Debug|Any CPU
		{339E84F4-3253-40BA-B86D-37C4ADF5FD36}.Debug|Any CPU.Build.0 = Debug|Any CPU
		{339E84F4-3253-40BA-B86D-37C4ADF5FD36}.Release|Any CPU.ActiveCfg = Release|Any CPU
		{339E84F4-3253-40BA-B86D-37C4ADF5FD36}.Release|Any CPU.Build.0 = Release|Any CPU
	EndGlobalSection
	GlobalSection(SolutionProperties) = preSolution
		HideSolutionNode = FALSE
	EndGlobalSection
	GlobalSection(ExtensibilityGlobals) = postSolution
		SolutionGuid = {13E85906-9EB6-4F04-9262-C4BC567C6443}
	EndGlobalSection
EndGlobal
